PODS:
  - CocoaDebug (1.7.2)

DEPENDENCIES:
  - CocoaDebug (from `https://github.com/philosopherdog/CocoaDebug.git`)

EXTERNAL SOURCES:
  CocoaDebug:
    :git: https://github.com/philosopherdog/CocoaDebug.git

CHECKOUT OPTIONS:
  CocoaDebug:
    :commit: 43642be19290d9821b142af91d53a44916d344d1
    :git: https://github.com/philosopherdog/CocoaDebug.git

SPEC CHECKSUMS:
  CocoaDebug: 61cf93ada6ce8f3407507dc01f9b874d91ac1d5c

PODFILE CHECKSUM: d913e94d078e1d70c028b315f30cd571a6dc628b

COCOAPODS: 1.11.3
